
Microsoft Visual Studio Solution File, Format Version 12.00
# Visual Studio Version 16
VisualStudioVersion = 16.0.29020.237
MinimumVisualStudioVersion = 10.0.40219.1
Project("{FAE04EC0-301F-11D3-BF4B-00C04F79EFBC}") = "dataset", "dataset\dataset.csproj", "{993CFBB5-131D-4D9A-98FD-CD851F0847D5}"
EndProject
Project("{FAE04EC0-301F-11D3-BF4B-00C04F79EFBC}") = "dataset.Test", "dataset.Test\dataset.Test.csproj", "{8456A556-17EB-4939-B331-FB066C1F73D9}"
EndProject
Global
	GlobalSection(SolutionConfigurationPlatforms) = preSolution
		Debug|Any CPU = Debug|Any CPU
		Release|Any CPU = Release|Any CPU
	EndGlobalSection
	GlobalSection(ProjectConfigurationPlatforms) = postSolution
		{993CFBB5-131D-4D9A-98FD-CD851F0847D5}.Debug|Any CPU.ActiveCfg = Debug|Any CPU
		{993CFBB5-131D-4D9A-98FD-CD851F0847D5}.Debug|Any CPU.Build.0 = Debug|Any CPU
		{993CFBB5-131D-4D9A-98FD-CD851F0847D5}.Release|Any CPU.ActiveCfg = Release|Any CPU
		{993CFBB5-131D-4D9A-98FD-CD851F0847D5}.Release|Any CPU.Build.0 = Release|Any CPU
		{8456A556-17EB-4939-B331-FB066C1F73D9}.Debug|Any CPU.ActiveCfg = Debug|Any CPU
		{8456A556-17EB-4939-B331-FB066C1F73D9}.Debug|Any CPU.Build.0 = Debug|Any CPU
		{8456A556-17EB-4939-B331-FB066C1F73D9}.Release|Any CPU.ActiveCfg = Release|Any CPU
		{8456A556-17EB-4939-B331-FB066C1F73D9}.Release|Any CPU.Build.0 = Release|Any CPU
	EndGlobalSection
	GlobalSection(SolutionProperties) = preSolution
		HideSolutionNode = FALSE
	EndGlobalSection
	GlobalSection(ExtensibilityGlobals) = postSolution
		SolutionGuid = {E2FC63CA-DF28-4DBE-9DAC-ADC2AEE21924}
	EndGlobalSection
EndGlobal
